<?xml version="1.0" encoding="utf-8"?>
<Project ToolsVersion="4.0" xmlns="http://schemas.microsoft.com/developer/msbuild/2003">
  <ItemGroup>
    <ClCompile Include="test.cpp" />
    <ClCompile Include="Utils\Spline1DTest.cpp">
      <Filter>Utils</Filter>
    </ClCompile>
    <ClCompile Include="Utils\ArrayTest.cpp">
      <Filter>Utils</Filter>
    </ClCompile>
  </ItemGroup>
  <ItemGroup>
    <Filter Include="Utils">
      <UniqueIdentifier>{f587f9ba-d041-4cc7-a401-4104bba2d525}</UniqueIdentifier>
    </Filter>
  </ItemGroup>
</Project>