<?xml version="1.0" encoding="utf-8"?>
<Project ToolsVersion="4.0" xmlns="http://schemas.microsoft.com/developer/msbuild/2003">
  <ItemGroup>
    <Filter Include="Interfaces">
      <UniqueIdentifier>{93995380-89BD-4b04-88EB-625FBE52EBFB}</UniqueIdentifier>
      <Extensions>h;hh;hpp;hxx;hm;inl;inc;ipp;xsd</Extensions>
    </Filter>
    <Filter Include="Utils">
      <UniqueIdentifier>{0449e801-083f-4811-803e-95ba2ddf2858}</UniqueIdentifier>
    </Filter>
    <Filter Include="Src">
      <UniqueIdentifier>{4FC737F1-C7A5-4376-A066-2A32D752A2FF}</UniqueIdentifier>
      <Extensions>cpp;c;cc;cxx;def;odl;idl;hpj;bat;asm;asmx</Extensions>
    </Filter>
    <Filter Include="Checkers">
      <UniqueIdentifier>{8ba675a7-973c-49d7-add4-ec51494b99c2}</UniqueIdentifier>
    </Filter>
    <Filter Include="Arduino">
      <UniqueIdentifier>{51373ae4-8905-42a1-a36f-f94407c2b8f4}</UniqueIdentifier>
    </Filter>
  </ItemGroup>
  <ItemGroup>
    <ClInclude Include="Utils\LinearSpline.h">
      <Filter>Utils</Filter>
    </ClInclude>
    <ClInclude Include="Utils\List.h">
      <Filter>Utils</Filter>
    </ClInclude>
    <ClInclude Include="Utils\Array.h">
      <Filter>Utils</Filter>
    </ClInclude>
    <ClInclude Include="TemperatureChecker.h">
      <Filter>Checkers</Filter>
    </ClInclude>
    <ClInclude Include="Component.h">
      <Filter>Src</Filter>
    </ClInclude>
    <ClInclude Include="LM35TempSensorComponent.h">
      <Filter>Interfaces</Filter>
    </ClInclude>
    <ClInclude Include="RelayComponent.h">
      <Filter>Interfaces</Filter>
    </ClInclude>
    <ClInclude Include="RTCComponent.h">
      <Filter>Interfaces</Filter>
    </ClInclude>
    <ClInclude Include="UltrasonicDistanceSensorComponent.h">
      <Filter>Interfaces</Filter>
    </ClInclude>
    <ClInclude Include="interfaces\IOnOff.h">
      <Filter>Interfaces</Filter>
    </ClInclude>
    <ClInclude Include="interfaces\IRTC.h">
      <Filter>Interfaces</Filter>
    </ClInclude>
    <ClInclude Include="interfaces\ITemperatureSensor.h">
      <Filter>Interfaces</Filter>
    </ClInclude>
    <ClInclude Include="common.h" />
    <ClInclude Include="ArduinoString.h" />
    <ClInclude Include="Arduino\Arduino.h">
      <Filter>Arduino</Filter>
    </ClInclude>
    <ClInclude Include="Arduino\Print.h">
      <Filter>Arduino</Filter>
    </ClInclude>
    <ClInclude Include="Arduino\WString.h">
      <Filter>Arduino</Filter>
    </ClInclude>
  </ItemGroup>
  <ItemGroup>
    <ClCompile Include="Utils\LinearSpline.cpp">
      <Filter>Utils</Filter>
    </ClCompile>
    <ClCompile Include="Component.cpp">
      <Filter>Src</Filter>
    </ClCompile>
    <ClCompile Include="RelayComponent.cpp" />
    <ClCompile Include="RTCComponent.cpp" />
    <ClCompile Include="UltrasonicDistanceSensorComponent.cpp" />
    <ClCompile Include="LM35TempSensorComponent.cpp" />
  </ItemGroup>
</Project>